
Microsoft Visual Studio Solution File, Format Version 12.00
# Visual Studio 15
VisualStudioVersion = 15.0.27703.2026
MinimumVisualStudioVersion = 10.0.40219.1
Project("{FAE04EC0-301F-11D3-BF4B-00C04F79EFBC}") = "DayPassword", "DayPassword\DayPassword.csproj", "{93E129F2-651C-4567-8776-373F1FA6B778}"
EndProject
Project("{FAE04EC0-301F-11D3-BF4B-00C04F79EFBC}") = "Login", "Login\Login.csproj", "{A717FF3E-D9F7-4968-8962-A39DC0179730}"
EndProject
Global
	GlobalSection(SolutionConfigurationPlatforms) = preSolution
		Debug|Any CPU = Debug|Any CPU
		Debug|x86 = Debug|x86
		Release|Any CPU = Release|Any CPU
		Release|x86 = Release|x86
	EndGlobalSection
	GlobalSection(ProjectConfigurationPlatforms) = postSolution
		{93E129F2-651C-4567-8776-373F1FA6B778}.Debug|Any CPU.ActiveCfg = Debug|x86
		{93E129F2-651C-4567-8776-373F1FA6B778}.Debug|x86.ActiveCfg = Debug|x86
		{93E129F2-651C-4567-8776-373F1FA6B778}.Debug|x86.Build.0 = Debug|x86
		{93E129F2-651C-4567-8776-373F1FA6B778}.Release|Any CPU.ActiveCfg = Release|x86
		{93E129F2-651C-4567-8776-373F1FA6B778}.Release|x86.ActiveCfg = Release|x86
		{93E129F2-651C-4567-8776-373F1FA6B778}.Release|x86.Build.0 = Release|x86
		{A717FF3E-D9F7-4968-8962-A39DC0179730}.Debug|Any CPU.ActiveCfg = Debug|Any CPU
		{A717FF3E-D9F7-4968-8962-A39DC0179730}.Debug|Any CPU.Build.0 = Debug|Any CPU
		{A717FF3E-D9F7-4968-8962-A39DC0179730}.Debug|x86.ActiveCfg = Debug|Any CPU
		{A717FF3E-D9F7-4968-8962-A39DC0179730}.Debug|x86.Build.0 = Debug|Any CPU
		{A717FF3E-D9F7-4968-8962-A39DC0179730}.Release|Any CPU.ActiveCfg = Release|Any CPU
		{A717FF3E-D9F7-4968-8962-A39DC0179730}.Release|Any CPU.Build.0 = Release|Any CPU
		{A717FF3E-D9F7-4968-8962-A39DC0179730}.Release|x86.ActiveCfg = Release|Any CPU
		{A717FF3E-D9F7-4968-8962-A39DC0179730}.Release|x86.Build.0 = Release|Any CPU
	EndGlobalSection
	GlobalSection(SolutionProperties) = preSolution
		HideSolutionNode = FALSE
	EndGlobalSection
	GlobalSection(ExtensibilityGlobals) = postSolution
		SolutionGuid = {4DC92F2D-082A-48A6-9EB9-9ACEE82FAD60}
	EndGlobalSection
EndGlobal
